
Microsoft Visual Studio Solution File, Format Version 12.00
# Visual Studio Version 17
VisualStudioVersion = 17.5.33516.290
MinimumVisualStudioVersion = 10.0.40219.1
Project("{2150E333-8FDC-42A3-9474-1A3956D46DE8}") = "Backend", "Backend", "{4602750C-9156-4891-A4C3-558CB69E09BB}"
EndProject
Project("{2150E333-8FDC-42A3-9474-1A3956D46DE8}") = "Shared", "Shared", "{69428C7B-F84D-412B-96ED-B5D4F2D2C342}"
EndProject
Project("{2150E333-8FDC-42A3-9474-1A3956D46DE8}") = "FoudVestorDb", "FoudVestorDb", "{6074F1FB-B6DF-4FE0-81E8-3D9B5EA43D92}"
EndProject
Project("{2150E333-8FDC-42A3-9474-1A3956D46DE8}") = "Application", "Application", "{206E3FDD-8F37-4068-A928-1B79EA430F4D}"
EndProject
Project("{2150E333-8FDC-42A3-9474-1A3956D46DE8}") = "Web", "Web", "{77D88F76-F803-41CE-B76D-67F7E89A9FD9}"
EndProject
Project("{FAE04EC0-301F-11D3-BF4B-00C04F79EFBC}") = "FVPlatform.App", "FVGlobal\Backend\Application\FVPlatform.App\FVPlatform.App.csproj", "{0B2403C5-DD6E-4CAA-8157-04E0C7314BC4}"
EndProject
Project("{FAE04EC0-301F-11D3-BF4B-00C04F79EFBC}") = "FVSupport.App", "FVGlobal\Backend\Application\FVSupport.App\FVSupport.App.csproj", "{201D6CAA-0833-4D56-B7A1-CADA6984A688}"
EndProject
Project("{9A19103F-16F7-4668-BE54-9A1E7A4F7556}") = "FVPlatform.Api", "FVGlobal\Backend\Web\FVPlatform.Api\FVPlatform.Api.csproj", "{3E4062BC-99F9-4F4A-88BD-99F898A95157}"
EndProject
Project("{9A19103F-16F7-4668-BE54-9A1E7A4F7556}") = "FVSupport.Api", "FVGlobal\Backend\Web\FVSupport.Api\FVSupport.Api.csproj", "{8E3FB3C0-7F63-406A-9314-629A927D9AFB}"
EndProject
Project("{9A19103F-16F7-4668-BE54-9A1E7A4F7556}") = "FoudVestorIntegrator", "FVGlobal\Backend\Shared\FoudVestorIntegrator\FoudVestorIntegrator.csproj", "{D3406D67-13B2-4620-879A-0AB13148BC47}"
EndProject
Project("{9A19103F-16F7-4668-BE54-9A1E7A4F7556}") = "FVCommon", "FVGlobal\Backend\Shared\FVCommon\FVCommon.csproj", "{4108AE62-A494-4628-AFDB-19A45518D601}"
EndProject
Project("{9A19103F-16F7-4668-BE54-9A1E7A4F7556}") = "FoudVestor.Db", "FVGlobal\Backend\FoudVestorDb\FoudVestor.Db\FoudVestor.Db.csproj", "{8B57909C-09B8-409F-BA59-89DA038A33BB}"
EndProject
Project("{9A19103F-16F7-4668-BE54-9A1E7A4F7556}") = "FoudVestor.DataConnection", "FVGlobal\Backend\FoudVestorDb\FoudVestor.DataConnection\FoudVestor.DataConnection.csproj", "{36C34BB1-3FA4-41ED-AD1F-1BD768B99647}"
EndProject
Global
	GlobalSection(SolutionConfigurationPlatforms) = preSolution
		Debug|Any CPU = Debug|Any CPU
		Release|Any CPU = Release|Any CPU
	EndGlobalSection
	GlobalSection(ProjectConfigurationPlatforms) = postSolution
		{0B2403C5-DD6E-4CAA-8157-04E0C7314BC4}.Debug|Any CPU.ActiveCfg = Debug|Any CPU
		{0B2403C5-DD6E-4CAA-8157-04E0C7314BC4}.Debug|Any CPU.Build.0 = Debug|Any CPU
		{0B2403C5-DD6E-4CAA-8157-04E0C7314BC4}.Release|Any CPU.ActiveCfg = Release|Any CPU
		{0B2403C5-DD6E-4CAA-8157-04E0C7314BC4}.Release|Any CPU.Build.0 = Release|Any CPU
		{201D6CAA-0833-4D56-B7A1-CADA6984A688}.Debug|Any CPU.ActiveCfg = Debug|Any CPU
		{201D6CAA-0833-4D56-B7A1-CADA6984A688}.Debug|Any CPU.Build.0 = Debug|Any CPU
		{201D6CAA-0833-4D56-B7A1-CADA6984A688}.Release|Any CPU.ActiveCfg = Release|Any CPU
		{201D6CAA-0833-4D56-B7A1-CADA6984A688}.Release|Any CPU.Build.0 = Release|Any CPU
		{3E4062BC-99F9-4F4A-88BD-99F898A95157}.Debug|Any CPU.ActiveCfg = Debug|Any CPU
		{3E4062BC-99F9-4F4A-88BD-99F898A95157}.Debug|Any CPU.Build.0 = Debug|Any CPU
		{3E4062BC-99F9-4F4A-88BD-99F898A95157}.Release|Any CPU.ActiveCfg = Release|Any CPU
		{3E4062BC-99F9-4F4A-88BD-99F898A95157}.Release|Any CPU.Build.0 = Release|Any CPU
		{8E3FB3C0-7F63-406A-9314-629A927D9AFB}.Debug|Any CPU.ActiveCfg = Debug|Any CPU
		{8E3FB3C0-7F63-406A-9314-629A927D9AFB}.Debug|Any CPU.Build.0 = Debug|Any CPU
		{8E3FB3C0-7F63-406A-9314-629A927D9AFB}.Release|Any CPU.ActiveCfg = Release|Any CPU
		{8E3FB3C0-7F63-406A-9314-629A927D9AFB}.Release|Any CPU.Build.0 = Release|Any CPU
		{D3406D67-13B2-4620-879A-0AB13148BC47}.Debug|Any CPU.ActiveCfg = Debug|Any CPU
		{D3406D67-13B2-4620-879A-0AB13148BC47}.Debug|Any CPU.Build.0 = Debug|Any CPU
		{D3406D67-13B2-4620-879A-0AB13148BC47}.Release|Any CPU.ActiveCfg = Release|Any CPU
		{D3406D67-13B2-4620-879A-0AB13148BC47}.Release|Any CPU.Build.0 = Release|Any CPU
		{4108AE62-A494-4628-AFDB-19A45518D601}.Debug|Any CPU.ActiveCfg = Debug|Any CPU
		{4108AE62-A494-4628-AFDB-19A45518D601}.Debug|Any CPU.Build.0 = Debug|Any CPU
		{4108AE62-A494-4628-AFDB-19A45518D601}.Release|Any CPU.ActiveCfg = Release|Any CPU
		{4108AE62-A494-4628-AFDB-19A45518D601}.Release|Any CPU.Build.0 = Release|Any CPU
		{8B57909C-09B8-409F-BA59-89DA038A33BB}.Debug|Any CPU.ActiveCfg = Debug|Any CPU
		{8B57909C-09B8-409F-BA59-89DA038A33BB}.Debug|Any CPU.Build.0 = Debug|Any CPU
		{8B57909C-09B8-409F-BA59-89DA038A33BB}.Release|Any CPU.ActiveCfg = Release|Any CPU
		{8B57909C-09B8-409F-BA59-89DA038A33BB}.Release|Any CPU.Build.0 = Release|Any CPU
		{36C34BB1-3FA4-41ED-AD1F-1BD768B99647}.Debug|Any CPU.ActiveCfg = Debug|Any CPU
		{36C34BB1-3FA4-41ED-AD1F-1BD768B99647}.Debug|Any CPU.Build.0 = Debug|Any CPU
		{36C34BB1-3FA4-41ED-AD1F-1BD768B99647}.Release|Any CPU.ActiveCfg = Release|Any CPU
		{36C34BB1-3FA4-41ED-AD1F-1BD768B99647}.Release|Any CPU.Build.0 = Release|Any CPU
	EndGlobalSection
	GlobalSection(SolutionProperties) = preSolution
		HideSolutionNode = FALSE
	EndGlobalSection
	GlobalSection(NestedProjects) = preSolution
		{69428C7B-F84D-412B-96ED-B5D4F2D2C342} = {4602750C-9156-4891-A4C3-558CB69E09BB}
		{6074F1FB-B6DF-4FE0-81E8-3D9B5EA43D92} = {4602750C-9156-4891-A4C3-558CB69E09BB}
		{206E3FDD-8F37-4068-A928-1B79EA430F4D} = {4602750C-9156-4891-A4C3-558CB69E09BB}
		{77D88F76-F803-41CE-B76D-67F7E89A9FD9} = {4602750C-9156-4891-A4C3-558CB69E09BB}
		{0B2403C5-DD6E-4CAA-8157-04E0C7314BC4} = {206E3FDD-8F37-4068-A928-1B79EA430F4D}
		{201D6CAA-0833-4D56-B7A1-CADA6984A688} = {206E3FDD-8F37-4068-A928-1B79EA430F4D}
		{3E4062BC-99F9-4F4A-88BD-99F898A95157} = {77D88F76-F803-41CE-B76D-67F7E89A9FD9}
		{8E3FB3C0-7F63-406A-9314-629A927D9AFB} = {77D88F76-F803-41CE-B76D-67F7E89A9FD9}
		{D3406D67-13B2-4620-879A-0AB13148BC47} = {69428C7B-F84D-412B-96ED-B5D4F2D2C342}
		{4108AE62-A494-4628-AFDB-19A45518D601} = {69428C7B-F84D-412B-96ED-B5D4F2D2C342}
		{8B57909C-09B8-409F-BA59-89DA038A33BB} = {6074F1FB-B6DF-4FE0-81E8-3D9B5EA43D92}
		{36C34BB1-3FA4-41ED-AD1F-1BD768B99647} = {6074F1FB-B6DF-4FE0-81E8-3D9B5EA43D92}
	EndGlobalSection
	GlobalSection(ExtensibilityGlobals) = postSolution
		SolutionGuid = {7CC46245-E571-4A49-B423-6CE080FC4869}
	EndGlobalSection
EndGlobal
