
Microsoft Visual Studio Solution File, Format Version 12.00
# Visual Studio Version 17
VisualStudioVersion = 17.5.33516.290
MinimumVisualStudioVersion = 10.0.40219.1
Project("{2150E333-8FDC-42A3-9474-1A3956D46DE8}") = "Backend", "Backend", "{4602750C-9156-4891-A4C3-558CB69E09BB}"
EndProject
Project("{2150E333-8FDC-42A3-9474-1A3956D46DE8}") = "Shared", "Shared", "{69428C7B-F84D-412B-96ED-B5D4F2D2C342}"
EndProject
Project("{2150E333-8FDC-42A3-9474-1A3956D46DE8}") = "FoudVestorDb", "FoudVestorDb", "{6074F1FB-B6DF-4FE0-81E8-3D9B5EA43D92}"
EndProject
Project("{2150E333-8FDC-42A3-9474-1A3956D46DE8}") = "Application", "Application", "{206E3FDD-8F37-4068-A928-1B79EA430F4D}"
EndProject
Project("{2150E333-8FDC-42A3-9474-1A3956D46DE8}") = "Web", "Web", "{77D88F76-F803-41CE-B76D-67F7E89A9FD9}"
EndProject
Project("{9A19103F-16F7-4668-BE54-9A1E7A4F7556}") = "FoudVestor.DataConnection", "Backend\FoudVestorDb\FoudVestor.DataConnection\FoudVestor.DataConnection.csproj", "{9C760A92-690F-4E03-8123-6649795CF799}"
EndProject
Project("{9A19103F-16F7-4668-BE54-9A1E7A4F7556}") = "FoudVestorIntegrator", "Backend\Shared\FoudVestorIntegrator\FoudVestorIntegrator.csproj", "{AF1AD7AC-DECD-4074-9C76-E07FE390EFFA}"
EndProject
Project("{9A19103F-16F7-4668-BE54-9A1E7A4F7556}") = "FVCommon", "Backend\Shared\FVCommon\FVCommon.csproj", "{C8ABC7E9-AEB5-4A3C-AF4E-CEC8933C2697}"
EndProject
Project("{9A19103F-16F7-4668-BE54-9A1E7A4F7556}") = "FoudVestor.Db", "Backend\FoudVestorDb\FoudVestor.Db\FoudVestor.Db.csproj", "{BC51EDDF-4211-4850-B60B-E8C5E4DE8EF9}"
EndProject
Project("{9A19103F-16F7-4668-BE54-9A1E7A4F7556}") = "FDPlatform.App", "Backend\Application\FDPlatform.App\FDPlatform.App.csproj", "{CF132869-6FB8-468E-948B-F8C99D6FD7CD}"
EndProject
Project("{9A19103F-16F7-4668-BE54-9A1E7A4F7556}") = "FDSupport.App", "Backend\Application\FDSupport.App\FDSupport.App.csproj", "{13F8200E-F7E3-4C46-91FF-D206F738596A}"
EndProject
Project("{FAE04EC0-301F-11D3-BF4B-00C04F79EFBC}") = "FVPlatform.Api", "Backend\Web\FVPlatform.Api\FVPlatform.Api.csproj", "{5B7243FB-E1FE-44FA-9C66-A4E8A47169BB}"
EndProject
Project("{FAE04EC0-301F-11D3-BF4B-00C04F79EFBC}") = "FVSupport.Api", "Backend\Web\FVSupport.Api\FVSupport.Api.csproj", "{44DCB44A-018B-46EE-918F-8E3214BFB329}"
EndProject
Global
	GlobalSection(SolutionConfigurationPlatforms) = preSolution
		Debug|Any CPU = Debug|Any CPU
		Release|Any CPU = Release|Any CPU
	EndGlobalSection
	GlobalSection(ProjectConfigurationPlatforms) = postSolution
		{9C760A92-690F-4E03-8123-6649795CF799}.Debug|Any CPU.ActiveCfg = Debug|Any CPU
		{9C760A92-690F-4E03-8123-6649795CF799}.Debug|Any CPU.Build.0 = Debug|Any CPU
		{9C760A92-690F-4E03-8123-6649795CF799}.Release|Any CPU.ActiveCfg = Release|Any CPU
		{9C760A92-690F-4E03-8123-6649795CF799}.Release|Any CPU.Build.0 = Release|Any CPU
		{AF1AD7AC-DECD-4074-9C76-E07FE390EFFA}.Debug|Any CPU.ActiveCfg = Debug|Any CPU
		{AF1AD7AC-DECD-4074-9C76-E07FE390EFFA}.Debug|Any CPU.Build.0 = Debug|Any CPU
		{AF1AD7AC-DECD-4074-9C76-E07FE390EFFA}.Release|Any CPU.ActiveCfg = Release|Any CPU
		{AF1AD7AC-DECD-4074-9C76-E07FE390EFFA}.Release|Any CPU.Build.0 = Release|Any CPU
		{C8ABC7E9-AEB5-4A3C-AF4E-CEC8933C2697}.Debug|Any CPU.ActiveCfg = Debug|Any CPU
		{C8ABC7E9-AEB5-4A3C-AF4E-CEC8933C2697}.Debug|Any CPU.Build.0 = Debug|Any CPU
		{C8ABC7E9-AEB5-4A3C-AF4E-CEC8933C2697}.Release|Any CPU.ActiveCfg = Release|Any CPU
		{C8ABC7E9-AEB5-4A3C-AF4E-CEC8933C2697}.Release|Any CPU.Build.0 = Release|Any CPU
		{BC51EDDF-4211-4850-B60B-E8C5E4DE8EF9}.Debug|Any CPU.ActiveCfg = Debug|Any CPU
		{BC51EDDF-4211-4850-B60B-E8C5E4DE8EF9}.Debug|Any CPU.Build.0 = Debug|Any CPU
		{BC51EDDF-4211-4850-B60B-E8C5E4DE8EF9}.Release|Any CPU.ActiveCfg = Release|Any CPU
		{BC51EDDF-4211-4850-B60B-E8C5E4DE8EF9}.Release|Any CPU.Build.0 = Release|Any CPU
		{CF132869-6FB8-468E-948B-F8C99D6FD7CD}.Debug|Any CPU.ActiveCfg = Debug|Any CPU
		{CF132869-6FB8-468E-948B-F8C99D6FD7CD}.Debug|Any CPU.Build.0 = Debug|Any CPU
		{CF132869-6FB8-468E-948B-F8C99D6FD7CD}.Release|Any CPU.ActiveCfg = Release|Any CPU
		{CF132869-6FB8-468E-948B-F8C99D6FD7CD}.Release|Any CPU.Build.0 = Release|Any CPU
		{13F8200E-F7E3-4C46-91FF-D206F738596A}.Debug|Any CPU.ActiveCfg = Debug|Any CPU
		{13F8200E-F7E3-4C46-91FF-D206F738596A}.Debug|Any CPU.Build.0 = Debug|Any CPU
		{13F8200E-F7E3-4C46-91FF-D206F738596A}.Release|Any CPU.ActiveCfg = Release|Any CPU
		{13F8200E-F7E3-4C46-91FF-D206F738596A}.Release|Any CPU.Build.0 = Release|Any CPU
		{5B7243FB-E1FE-44FA-9C66-A4E8A47169BB}.Debug|Any CPU.ActiveCfg = Debug|Any CPU
		{5B7243FB-E1FE-44FA-9C66-A4E8A47169BB}.Debug|Any CPU.Build.0 = Debug|Any CPU
		{5B7243FB-E1FE-44FA-9C66-A4E8A47169BB}.Release|Any CPU.ActiveCfg = Release|Any CPU
		{5B7243FB-E1FE-44FA-9C66-A4E8A47169BB}.Release|Any CPU.Build.0 = Release|Any CPU
		{44DCB44A-018B-46EE-918F-8E3214BFB329}.Debug|Any CPU.ActiveCfg = Debug|Any CPU
		{44DCB44A-018B-46EE-918F-8E3214BFB329}.Debug|Any CPU.Build.0 = Debug|Any CPU
		{44DCB44A-018B-46EE-918F-8E3214BFB329}.Release|Any CPU.ActiveCfg = Release|Any CPU
		{44DCB44A-018B-46EE-918F-8E3214BFB329}.Release|Any CPU.Build.0 = Release|Any CPU
	EndGlobalSection
	GlobalSection(SolutionProperties) = preSolution
		HideSolutionNode = FALSE
	EndGlobalSection
	GlobalSection(NestedProjects) = preSolution
		{69428C7B-F84D-412B-96ED-B5D4F2D2C342} = {4602750C-9156-4891-A4C3-558CB69E09BB}
		{6074F1FB-B6DF-4FE0-81E8-3D9B5EA43D92} = {4602750C-9156-4891-A4C3-558CB69E09BB}
		{206E3FDD-8F37-4068-A928-1B79EA430F4D} = {4602750C-9156-4891-A4C3-558CB69E09BB}
		{77D88F76-F803-41CE-B76D-67F7E89A9FD9} = {4602750C-9156-4891-A4C3-558CB69E09BB}
		{9C760A92-690F-4E03-8123-6649795CF799} = {6074F1FB-B6DF-4FE0-81E8-3D9B5EA43D92}
		{AF1AD7AC-DECD-4074-9C76-E07FE390EFFA} = {69428C7B-F84D-412B-96ED-B5D4F2D2C342}
		{C8ABC7E9-AEB5-4A3C-AF4E-CEC8933C2697} = {69428C7B-F84D-412B-96ED-B5D4F2D2C342}
		{BC51EDDF-4211-4850-B60B-E8C5E4DE8EF9} = {6074F1FB-B6DF-4FE0-81E8-3D9B5EA43D92}
		{CF132869-6FB8-468E-948B-F8C99D6FD7CD} = {206E3FDD-8F37-4068-A928-1B79EA430F4D}
		{13F8200E-F7E3-4C46-91FF-D206F738596A} = {206E3FDD-8F37-4068-A928-1B79EA430F4D}
		{5B7243FB-E1FE-44FA-9C66-A4E8A47169BB} = {77D88F76-F803-41CE-B76D-67F7E89A9FD9}
		{44DCB44A-018B-46EE-918F-8E3214BFB329} = {77D88F76-F803-41CE-B76D-67F7E89A9FD9}
	EndGlobalSection
	GlobalSection(ExtensibilityGlobals) = postSolution
		SolutionGuid = {7CC46245-E571-4A49-B423-6CE080FC4869}
	EndGlobalSection
EndGlobal
